
Microsoft Visual Studio Solution File, Format Version 12.00
# Visual Studio Version 16
VisualStudioVersion = 16.0.31515.178
MinimumVisualStudioVersion = 10.0.40219.1
Project("{9A19103F-16F7-4668-BE54-9A1E7A4F7556}") = "Team2Application", "Team2Application\Team2Application.csproj", "{22258CFA-1E2A-4EF0-AC35-E1D1AA297126}"
EndProject
Project("{2150E333-8FDC-42A3-9474-1A3956D46DE8}") = "Solution Items", "Solution Items", "{4DC46BAC-1C7E-42A1-9160-51DE79D119E3}"
	ProjectSection(SolutionItems) = preProject
		.editorconfig = .editorconfig
	EndProjectSection
EndProject
Project("{9A19103F-16F7-4668-BE54-9A1E7A4F7556}") = "Team2Tests", "Team2Tests\Team2Tests.csproj", "{0DE735AA-741F-4E65-A2D4-EEBD865BABDE}"
EndProject
Global
	GlobalSection(SolutionConfigurationPlatforms) = preSolution
		Debug|Any CPU = Debug|Any CPU
		Release|Any CPU = Release|Any CPU
	EndGlobalSection
	GlobalSection(ProjectConfigurationPlatforms) = postSolution
		{22258CFA-1E2A-4EF0-AC35-E1D1AA297126}.Debug|Any CPU.ActiveCfg = Debug|Any CPU
		{22258CFA-1E2A-4EF0-AC35-E1D1AA297126}.Debug|Any CPU.Build.0 = Debug|Any CPU
		{22258CFA-1E2A-4EF0-AC35-E1D1AA297126}.Release|Any CPU.ActiveCfg = Release|Any CPU
		{22258CFA-1E2A-4EF0-AC35-E1D1AA297126}.Release|Any CPU.Build.0 = Release|Any CPU
		{0DE735AA-741F-4E65-A2D4-EEBD865BABDE}.Debug|Any CPU.ActiveCfg = Debug|Any CPU
		{0DE735AA-741F-4E65-A2D4-EEBD865BABDE}.Debug|Any CPU.Build.0 = Debug|Any CPU
		{0DE735AA-741F-4E65-A2D4-EEBD865BABDE}.Release|Any CPU.ActiveCfg = Release|Any CPU
		{0DE735AA-741F-4E65-A2D4-EEBD865BABDE}.Release|Any CPU.Build.0 = Release|Any CPU
	EndGlobalSection
	GlobalSection(SolutionProperties) = preSolution
		HideSolutionNode = FALSE
	EndGlobalSection
	GlobalSection(ExtensibilityGlobals) = postSolution
		SolutionGuid = {5D0AFDCF-FB5F-4B47-BBE3-E03A6C4F252B}
	EndGlobalSection
EndGlobal
